<?xml version="1.0" encoding="UTF-8"?>
<Scheme
   version = "1.3">
   <BuildAction>
      <BuildActionEntries>
         <BuildActionEntry
            buildForRunning = "YES">
            <BuildableReference
               BuildableIdentifier = "primary"
               BlueprintIdentifier = "649B2B799511B35633D1D3E3"
               BuildableName = "biometric_authentication.app"
               BlueprintName = "biometric_authentication"
               ReferencedContainer = "container:biometric_authentication.xcodeproj">
            </BuildableReference>
         </BuildActionEntry>
      </BuildActionEntries>
   </BuildAction>
   <LaunchAction
      useCustomWorkingDirectory = "NO"
      buildConfiguration = "Debug"
      allowLocationSimulation = "YES">
      <BuildableProductRunnable>
         <BuildableReference
            BuildableIdentifier = "primary"
            BlueprintIdentifier = "649B2B799511B35633D1D3E3"
            BuildableName = "biometric_authentication.app"
            BlueprintName = "biometric_authentication"
            ReferencedContainer = "container:biometric_authentication.xcodeproj">
         </BuildableReference>
      </BuildableProductRunnable>
   </LaunchAction>
</Scheme>
